// !$*UTF8*$!
{
	archiveVersion = 1;
	classes = {
	};
	objectVersion = 56;
	objects = {

/* Begin PBXBuildFile section */
		A482CE7C29B2E01D006674B7 /* breaking_bad_test2App.swift in Sources */ = {isa = PBXBuildFile; fileRef = A482CE7B29B2E01D006674B7 /* breaking_bad_test2App.swift */; };
		A482CE7E29B2E01D006674B7 /* ContentView.swift in Sources */ = {isa = PBXBuildFile; fileRef = A482CE7D29B2E01D006674B7 /* ContentView.swift */; };
		A482CE8029B2E01F006674B7 /* Assets.xcassets in Resources */ = {isa = PBXBuildFile; fileRef = A482CE7F29B2E01F006674B7 /* Assets.xcassets */; };
		A482CE8429B2E01F006674B7 /* Preview Assets.xcassets in Resources */ = {isa = PBXBuildFile; fileRef = A482CE8329B2E01F006674B7 /* Preview Assets.xcassets */; };
		A482CE8E29B2E01F006674B7 /* breaking_bad_test2Tests.swift in Sources */ = {isa = PBXBuildFile; fileRef = A482CE8D29B2E01F006674B7 /* breaking_bad_test2Tests.swift */; };
		A482CE9829B2E01F006674B7 /* breaking_bad_test2UITests.swift in Sources */ = {isa = PBXBuildFile; fileRef = A482CE9729B2E01F006674B7 /* breaking_bad_test2UITests.swift */; };
		A482CE9A29B2E01F006674B7 /* breaking_bad_test2UITestsLaunchTests.swift in Sources */ = {isa = PBXBuildFile; fileRef = A482CE9929B2E01F006674B7 /* breaking_bad_test2UITestsLaunchTests.swift */; };
/* End PBXBuildFile section */

/* Begin PBXContainerItemProxy section */
		A482CE8A29B2E01F006674B7 /* PBXContainerItemProxy */ = {
			isa = PBXContainerItemProxy;
			containerPortal = A482CE7029B2E01D006674B7 /* Project object */;
			proxyType = 1;
			remoteGlobalIDString = A482CE7729B2E01D006674B7;
			remoteInfo = "breaking bad test2";
		};
		A482CE9429B2E01F006674B7 /* PBXContainerItemProxy */ = {
			isa = PBXContainerItemProxy;
			containerPortal = A482CE7029B2E01D006674B7 /* Project object */;
			proxyType = 1;
			remoteGlobalIDString = A482CE7729B2E01D006674B7;
			remoteInfo = "breaking bad test2";
		};
/* End PBXContainerItemProxy section */

/* Begin PBXFileReference section */
		A482CE7829B2E01D006674B7 /* breaking bad test2.app */ = {isa = PBXFileReference; explicitFileType = wrapper.application; includeInIndex = 0; path = "breaking bad test2.app"; sourceTree = BUILT_PRODUCTS_DIR; };
		A482CE7B29B2E01D006674B7 /* breaking_bad_test2App.swift */ = {isa = PBXFileReference; lastKnownFileType = sourcecode.swift; path = breaking_bad_test2App.swift; sourceTree = "<group>"; };
		A482CE7D29B2E01D006674B7 /* ContentView.swift */ = {isa = PBXFileReference; lastKnownFileType = sourcecode.swift; path = ContentView.swift; sourceTree = "<group>"; };
		A482CE7F29B2E01F006674B7 /* Assets.xcassets */ = {isa = PBXFileReference; lastKnownFileType = folder.assetcatalog; path = Assets.xcassets; sourceTree = "<group>"; };
		A482CE8129B2E01F006674B7 /* breaking_bad_test2.entitlements */ = {isa = PBXFileReference; lastKnownFileType = text.plist.entitlements; path = breaking_bad_test2.entitlements; sourceTree = "<group>"; };
		A482CE8329B2E01F006674B7 /* Preview Assets.xcassets */ = {isa = PBXFileReference; lastKnownFileType = folder.assetcatalog; path = "Preview Assets.xcassets"; sourceTree = "<group>"; };
		A482CE8929B2E01F006674B7 /* breaking bad test2Tests.xctest */ = {isa = PBXFileReference; explicitFileType = wrapper.cfbundle; includeInIndex = 0; path = "breaking bad test2Tests.xctest"; sourceTree = BUILT_PRODUCTS_DIR; };
		A482CE8D29B2E01F006674B7 /* breaking_bad_test2Tests.swift */ = {isa = PBXFileReference; lastKnownFileType = sourcecode.swift; path = breaking_bad_test2Tests.swift; sourceTree = "<group>"; };
		A482CE9329B2E01F006674B7 /* breaking bad test2UITests.xctest */ = {isa = PBXFileReference; explicitFileType = wrapper.cfbundle; includeInIndex = 0; path = "breaking bad test2UITests.xctest"; sourceTree = BUILT_PRODUCTS_DIR; };
		A482CE9729B2E01F006674B7 /* breaking_bad_test2UITests.swift */ = {isa = PBXFileReference; lastKnownFileType = sourcecode.swift; path = breaking_bad_test2UITests.swift; sourceTree = "<group>"; };
		A482CE9929B2E01F006674B7 /* breaking_bad_test2UITestsLaunchTests.swift */ = {isa = PBXFileReference; lastKnownFileType = sourcecode.swift; path = breaking_bad_test2UITestsLaunchTests.swift; sourceTree = "<group>"; };
/* End PBXFileReference section */

/* Begin PBXFrameworksBuildPhase section */
		A482CE7529B2E01D006674B7 /* Frameworks */ = {
			isa = PBXFrameworksBuildPhase;
			buildActionMask = 2147483647;
			files = (
			);
			runOnlyForDeploymentPostprocessing = 0;
		};
		A482CE8629B2E01F006674B7 /* Frameworks */ = {
			isa = PBXFrameworksBuildPhase;
			buildActionMask = 2147483647;
			files = (
			);
			runOnlyForDeploymentPostprocessing = 0;
		};
		A482CE9029B2E01F006674B7 /* Frameworks */ = {
			isa = PBXFrameworksBuildPhase;
			buildActionMask = 2147483647;
			files = (
			);
			runOnlyForDeploymentPostprocessing = 0;
		};
/* End PBXFrameworksBuildPhase section */

/* Begin PBXGroup section */
		A482CE6F29B2E01D006674B7 = {
			isa = PBXGroup;
			children = (
				A482CE7A29B2E01D006674B7 /* breaking bad test2 */,
				A482CE8C29B2E01F006674B7 /* breaking bad test2Tests */,
				A482CE9629B2E01F006674B7 /* breaking bad test2UITests */,
				A482CE7929B2E01D006674B7 /* Products */,
			);
			sourceTree = "<group>";
		};
		A482CE7929B2E01D006674B7 /* Products */ = {
			isa = PBXGroup;
			children = (
				A482CE7829B2E01D006674B7 /* breaking bad test2.app */,
				A482CE8929B2E01F006674B7 /* breaking bad test2Tests.xctest */,
				A482CE9329B2E01F006674B7 /* breaking bad test2UITests.xctest */,
			);
			name = Products;
			sourceTree = "<group>";
		};
		A482CE7A29B2E01D006674B7 /* breaking bad test2 */ = {
			isa = PBXGroup;
			children = (
				A482CE7B29B2E01D006674B7 /* breaking_bad_test2App.swift */,
				A482CE7D29B2E01D006674B7 /* ContentView.swift */,
				A482CE7F29B2E01F006674B7 /* Assets.xcassets */,
				A482CE8129B2E01F006674B7 /* breaking_bad_test2.entitlements */,
				A482CE8229B2E01F006674B7 /* Preview Content */,
			);
			path = "breaking bad test2";
			sourceTree = "<group>";
		};
		A482CE8229B2E01F006674B7 /* Preview Content */ = {
			isa = PBXGroup;
			children = (
				A482CE8329B2E01F006674B7 /* Preview Assets.xcassets */,
			);
			path = "Preview Content";
			sourceTree = "<group>";
		};
		A482CE8C29B2E01F006674B7 /* breaking bad test2Tests */ = {
			isa = PBXGroup;
			children = (
				A482CE8D29B2E01F006674B7 /* breaking_bad_test2Tests.swift */,
			);
			path = "breaking bad test2Tests";
			sourceTree = "<group>";
		};
		A482CE9629B2E01F006674B7 /* breaking bad test2UITests */ = {
			isa = PBXGroup;
			children = (
				A482CE9729B2E01F006674B7 /* breaking_bad_test2UITests.swift */,
				A482CE9929B2E01F006674B7 /* breaking_bad_test2UITestsLaunchTests.swift */,
			);
			path = "breaking bad test2UITests";
			sourceTree = "<group>";
		};
/* End PBXGroup section */

/* Begin PBXNativeTarget section */
		A482CE7729B2E01D006674B7 /* breaking bad test2 */ = {
			isa = PBXNativeTarget;
			buildConfigurationList = A482CE9D29B2E01F006674B7 /* Build configuration list for PBXNativeTarget "breaking bad test2" */;
			buildPhases = (
				A482CE7429B2E01D006674B7 /* Sources */,
				A482CE7529B2E01D006674B7 /* Frameworks */,
				A482CE7629B2E01D006674B7 /* Resources */,
			);
			buildRules = (
			);
			dependencies = (
			);
			name = "breaking bad test2";
			productName = "breaking bad test2";
			productReference = A482CE7829B2E01D006674B7 /* breaking bad test2.app */;
			productType = "com.apple.product-type.application";
		};
		A482CE8829B2E01F006674B7 /* breaking bad test2Tests */ = {
			isa = PBXNativeTarget;
			buildConfigurationList = A482CEA029B2E01F006674B7 /* Build configuration list for PBXNativeTarget "breaking bad test2Tests" */;
			buildPhases = (
				A482CE8529B2E01F006674B7 /* Sources */,
				A482CE8629B2E01F006674B7 /* Frameworks */,
				A482CE8729B2E01F006674B7 /* Resources */,
			);
			buildRules = (
			);
			dependencies = (
				A482CE8B29B2E01F006674B7 /* PBXTargetDependency */,
			);
			name = "breaking bad test2Tests";
			productName = "breaking bad test2Tests";
			productReference = A482CE8929B2E01F006674B7 /* breaking bad test2Tests.xctest */;
			productType = "com.apple.product-type.bundle.unit-test";
		};
		A482CE9229B2E01F006674B7 /* breaking bad test2UITests */ = {
			isa = PBXNativeTarget;
			buildConfigurationList = A482CEA329B2E01F006674B7 /* Build configuration list for PBXNativeTarget "breaking bad test2UITests" */;
			buildPhases = (
				A482CE8F29B2E01F006674B7 /* Sources */,
				A482CE9029B2E01F006674B7 /* Frameworks */,
				A482CE9129B2E01F006674B7 /* Resources */,
			);
			buildRules = (
			);
			dependencies = (
				A482CE9529B2E01F006674B7 /* PBXTargetDependency */,
			);
			name = "breaking bad test2UITests";
			productName = "breaking bad test2UITests";
			productReference = A482CE9329B2E01F006674B7 /* breaking bad test2UITests.xctest */;
			productType = "com.apple.product-type.bundle.ui-testing";
		};
/* End PBXNativeTarget section */

/* Begin PBXProject section */
		A482CE7029B2E01D006674B7 /* Project object */ = {
			isa = PBXProject;
			attributes = {
				BuildIndependentTargetsInParallel = 1;
				LastSwiftUpdateCheck = 1420;
				LastUpgradeCheck = 1420;
				TargetAttributes = {
					A482CE7729B2E01D006674B7 = {
						CreatedOnToolsVersion = 14.2;
					};
					A482CE8829B2E01F006674B7 = {
						CreatedOnToolsVersion = 14.2;
						TestTargetID = A482CE7729B2E01D006674B7;
					};
					A482CE9229B2E01F006674B7 = {
						CreatedOnToolsVersion = 14.2;
						TestTargetID = A482CE7729B2E01D006674B7;
					};
				};
			};
			buildConfigurationList = A482CE7329B2E01D006674B7 /* Build configuration list for PBXProject "breaking bad test2" */;
			compatibilityVersion = "Xcode 14.0";
			developmentRegion = en;
			hasScannedForEncodings = 0;
			knownRegions = (
				en,
				Base,
			);
			mainGroup = A482CE6F29B2E01D006674B7;
			productRefGroup = A482CE7929B2E01D006674B7 /* Products */;
			projectDirPath = "";
			projectRoot = "";
			targets = (
				A482CE7729B2E01D006674B7 /* breaking bad test2 */,
				A482CE8829B2E01F006674B7 /* breaking bad test2Tests */,
				A482CE9229B2E01F006674B7 /* breaking bad test2UITests */,
			);
		};
/* End PBXProject section */

/* Begin PBXResourcesBuildPhase section */
		A482CE7629B2E01D006674B7 /* Resources */ = {
			isa = PBXResourcesBuildPhase;
			buildActionMask = 2147483647;
			files = (
				A482CE8429B2E01F006674B7 /* Preview Assets.xcassets in Resources */,
				A482CE8029B2E01F006674B7 /* Assets.xcassets in Resources */,
			);
			runOnlyForDeploymentPostprocessing = 0;
		};
		A482CE8729B2E01F006674B7 /* Resources */ = {
			isa = PBXResourcesBuildPhase;
			buildActionMask = 2147483647;
			files = (
			);
			runOnlyForDeploymentPostprocessing = 0;
		};
		A482CE9129B2E01F006674B7 /* Resources */ = {
			isa = PBXResourcesBuildPhase;
			buildActionMask = 2147483647;
			files = (
			);
			runOnlyForDeploymentPostprocessing = 0;
		};
/* End PBXResourcesBuildPhase section */

/* Begin PBXSourcesBuildPhase section */
		A482CE7429B2E01D006674B7 /* Sources */ = {
			isa = PBXSourcesBuildPhase;
			buildActionMask = 2147483647;
			files = (
				A482CE7E29B2E01D006674B7 /* ContentView.swift in Sources */,
				A482CE7C29B2E01D006674B7 /* breaking_bad_test2App.swift in Sources */,
			);
			runOnlyForDeploymentPostprocessing = 0;
		};
		A482CE8529B2E01F006674B7 /* Sources */ = {
			isa = PBXSourcesBuildPhase;
			buildActionMask = 2147483647;
			files = (
				A482CE8E29B2E01F006674B7 /* breaking_bad_test2Tests.swift in Sources */,
			);
			runOnlyForDeploymentPostprocessing = 0;
		};
		A482CE8F29B2E01F006674B7 /* Sources */ = {
			isa = PBXSourcesBuildPhase;
			buildActionMask = 2147483647;
			files = (
				A482CE9A29B2E01F006674B7 /* breaking_bad_test2UITestsLaunchTests.swift in Sources */,
				A482CE9829B2E01F006674B7 /* breaking_bad_test2UITests.swift in Sources */,
			);
			runOnlyForDeploymentPostprocessing = 0;
		};
/* End PBXSourcesBuildPhase section */

/* Begin PBXTargetDependency section */
		A482CE8B29B2E01F006674B7 /* PBXTargetDependency */ = {
			isa = PBXTargetDependency;
			target = A482CE7729B2E01D006674B7 /* breaking bad test2 */;
			targetProxy = A482CE8A29B2E01F006674B7 /* PBXContainerItemProxy */;
		};
		A482CE9529B2E01F006674B7 /* PBXTargetDependency */ = {
			isa = PBXTargetDependency;
			target = A482CE7729B2E01D006674B7 /* breaking bad test2 */;
			targetProxy = A482CE9429B2E01F006674B7 /* PBXContainerItemProxy */;
		};
/* End PBXTargetDependency section */

/* Begin XCBuildConfiguration section */
		A482CE9B29B2E01F006674B7 /* Debug */ = {
			isa = XCBuildConfiguration;
			buildSettings = {
				ALWAYS_SEARCH_USER_PATHS = NO;
				CLANG_ANALYZER_NONNULL = YES;
				CLANG_ANALYZER_NUMBER_OBJECT_CONVERSION = YES_AGGRESSIVE;
				CLANG_CXX_LANGUAGE_STANDARD = "gnu++20";
				CLANG_ENABLE_MODULES = YES;
				CLANG_ENABLE_OBJC_ARC = YES;
				CLANG_ENABLE_OBJC_WEAK = YES;
				CLANG_WARN_BLOCK_CAPTURE_AUTORELEASING = YES;
				CLANG_WARN_BOOL_CONVERSION = YES;
				CLANG_WARN_COMMA = YES;
				CLANG_WARN_CONSTANT_CONVERSION = YES;
				CLANG_WARN_DEPRECATED_OBJC_IMPLEMENTATIONS = YES;
				CLANG_WARN_DIRECT_OBJC_ISA_USAGE = YES_ERROR;
				CLANG_WARN_DOCUMENTATION_COMMENTS = YES;
				CLANG_WARN_EMPTY_BODY = YES;
				CLANG_WARN_ENUM_CONVERSION = YES;
				CLANG_WARN_INFINITE_RECURSION = YES;
				CLANG_WARN_INT_CONVERSION = YES;
				CLANG_WARN_NON_LITERAL_NULL_CONVERSION = YES;
				CLANG_WARN_OBJC_IMPLICIT_RETAIN_SELF = YES;
				CLANG_WARN_OBJC_LITERAL_CONVERSION = YES;
				CLANG_WARN_OBJC_ROOT_CLASS = YES_ERROR;
				CLANG_WARN_QUOTED_INCLUDE_IN_FRAMEWORK_HEADER = YES;
				CLANG_WARN_RANGE_LOOP_ANALYSIS = YES;
				CLANG_WARN_STRICT_PROTOTYPES = YES;
				CLANG_WARN_SUSPICIOUS_MOVE = YES;
				CLANG_WARN_UNGUARDED_AVAILABILITY = YES_AGGRESSIVE;
				CLANG_WARN_UNREACHABLE_CODE = YES;
				CLANG_WARN__DUPLICATE_METHOD_MATCH = YES;
				COPY_PHASE_STRIP = NO;
				DEBUG_INFORMATION_FORMAT = dwarf;
				ENABLE_STRICT_OBJC_MSGSEND = YES;
				ENABLE_TESTABILITY = YES;
				GCC_C_LANGUAGE_STANDARD = gnu11;
				GCC_DYNAMIC_NO_PIC = NO;
				GCC_NO_COMMON_BLOCKS = YES;
				GCC_OPTIMIZATION_LEVEL = 0;
				GCC_PREPROCESSOR_DEFINITIONS = (
					"DEBUG=1",
					"$(inherited)",
				);
				GCC_WARN_64_TO_32_BIT_CONVERSION = YES;
				GCC_WARN_ABOUT_RETURN_TYPE = YES_ERROR;
				GCC_WARN_UNDECLARED_SELECTOR = YES;
				GCC_WARN_UNINITIALIZED_AUTOS = YES_AGGRESSIVE;
				GCC_WARN_UNUSED_FUNCTION = YES;
				GCC_WARN_UNUSED_VARIABLE = YES;
				MTL_ENABLE_DEBUG_INFO = INCLUDE_SOURCE;
				MTL_FAST_MATH = YES;
				ONLY_ACTIVE_ARCH = YES;
				SWIFT_ACTIVE_COMPILATION_CONDITIONS = DEBUG;
				SWIFT_OPTIMIZATION_LEVEL = "-Onone";
			};
			name = Debug;
		};
		A482CE9C29B2E01F006674B7 /* Release */ = {
			isa = XCBuildConfiguration;
			buildSettings = {
				ALWAYS_SEARCH_USER_PATHS = NO;
				CLANG_ANALYZER_NONNULL = YES;
				CLANG_ANALYZER_NUMBER_OBJECT_CONVERSION = YES_AGGRESSIVE;
				CLANG_CXX_LANGUAGE_STANDARD = "gnu++20";
				CLANG_ENABLE_MODULES = YES;
				CLANG_ENABLE_OBJC_ARC = YES;
				CLANG_ENABLE_OBJC_WEAK = YES;
				CLANG_WARN_BLOCK_CAPTURE_AUTORELEASING = YES;
				CLANG_WARN_BOOL_CONVERSION = YES;
				CLANG_WARN_COMMA = YES;
				CLANG_WARN_CONSTANT_CONVERSION = YES;
				CLANG_WARN_DEPRECATED_OBJC_IMPLEMENTATIONS = YES;
				CLANG_WARN_DIRECT_OBJC_ISA_USAGE = YES_ERROR;
				CLANG_WARN_DOCUMENTATION_COMMENTS = YES;
				CLANG_WARN_EMPTY_BODY = YES;
				CLANG_WARN_ENUM_CONVERSION = YES;
				CLANG_WARN_INFINITE_RECURSION = YES;
				CLANG_WARN_INT_CONVERSION = YES;
				CLANG_WARN_NON_LITERAL_NULL_CONVERSION = YES;
				CLANG_WARN_OBJC_IMPLICIT_RETAIN_SELF = YES;
				CLANG_WARN_OBJC_LITERAL_CONVERSION = YES;
				CLANG_WARN_OBJC_ROOT_CLASS = YES_ERROR;
				CLANG_WARN_QUOTED_INCLUDE_IN_FRAMEWORK_HEADER = YES;
				CLANG_WARN_RANGE_LOOP_ANALYSIS = YES;
				CLANG_WARN_STRICT_PROTOTYPES = YES;
				CLANG_WARN_SUSPICIOUS_MOVE = YES;
				CLANG_WARN_UNGUARDED_AVAILABILITY = YES_AGGRESSIVE;
				CLANG_WARN_UNREACHABLE_CODE = YES;
				CLANG_WARN__DUPLICATE_METHOD_MATCH = YES;
				COPY_PHASE_STRIP = NO;
				DEBUG_INFORMATION_FORMAT = "dwarf-with-dsym";
				ENABLE_NS_ASSERTIONS = NO;
				ENABLE_STRICT_OBJC_MSGSEND = YES;
				GCC_C_LANGUAGE_STANDARD = gnu11;
				GCC_NO_COMMON_BLOCKS = YES;
				GCC_WARN_64_TO_32_BIT_CONVERSION = YES;
				GCC_WARN_ABOUT_RETURN_TYPE = YES_ERROR;
				GCC_WARN_UNDECLARED_SELECTOR = YES;
				GCC_WARN_UNINITIALIZED_AUTOS = YES_AGGRESSIVE;
				GCC_WARN_UNUSED_FUNCTION = YES;
				GCC_WARN_UNUSED_VARIABLE = YES;
				MTL_ENABLE_DEBUG_INFO = NO;
				MTL_FAST_MATH = YES;
				SWIFT_COMPILATION_MODE = wholemodule;
				SWIFT_OPTIMIZATION_LEVEL = "-O";
			};
			name = Release;
		};
		A482CE9E29B2E01F006674B7 /* Debug */ = {
			isa = XCBuildConfiguration;
			buildSettings = {
				ASSETCATALOG_COMPILER_APPICON_NAME = AppIcon;
				ASSETCATALOG_COMPILER_GLOBAL_ACCENT_COLOR_NAME = AccentColor;
				CODE_SIGN_ENTITLEMENTS = "breaking bad test2/breaking_bad_test2.entitlements";
				CODE_SIGN_STYLE = Automatic;
				CURRENT_PROJECT_VERSION = 1;
				DEVELOPMENT_ASSET_PATHS = "\"breaking bad test2/Preview Content\"";
				ENABLE_PREVIEWS = YES;
				GENERATE_INFOPLIST_FILE = YES;
				"INFOPLIST_KEY_UIApplicationSceneManifest_Generation[sdk=iphoneos*]" = YES;
				"INFOPLIST_KEY_UIApplicationSceneManifest_Generation[sdk=iphonesimulator*]" = YES;
				"INFOPLIST_KEY_UIApplicationSupportsIndirectInputEvents[sdk=iphoneos*]" = YES;
				"INFOPLIST_KEY_UIApplicationSupportsIndirectInputEvents[sdk=iphonesimulator*]" = YES;
				"INFOPLIST_KEY_UILaunchScreen_Generation[sdk=iphoneos*]" = YES;
				"INFOPLIST_KEY_UILaunchScreen_Generation[sdk=iphonesimulator*]" = YES;
				"INFOPLIST_KEY_UIStatusBarStyle[sdk=iphoneos*]" = UIStatusBarStyleDefault;
				"INFOPLIST_KEY_UIStatusBarStyle[sdk=iphonesimulator*]" = UIStatusBarStyleDefault;
				INFOPLIST_KEY_UISupportedInterfaceOrientations_iPad = "UIInterfaceOrientationPortrait UIInterfaceOrientationPortraitUpsideDown UIInterfaceOrientationLandscapeLeft UIInterfaceOrientationLandscapeRight";
				INFOPLIST_KEY_UISupportedInterfaceOrientations_iPhone = "UIInterfaceOrientationPortrait UIInterfaceOrientationLandscapeLeft UIInterfaceOrientationLandscapeRight";
				IPHONEOS_DEPLOYMENT_TARGET = 16.2;
				LD_RUNPATH_SEARCH_PATHS = "@executable_path/Frameworks";
				"LD_RUNPATH_SEARCH_PATHS[sdk=macosx*]" = "@executable_path/../Frameworks";
				MACOSX_DEPLOYMENT_TARGET = 13.1;
				MARKETING_VERSION = 1.0;
				PRODUCT_BUNDLE_IDENTIFIER = "test.breaking-bad-test2";
				PRODUCT_NAME = "$(TARGET_NAME)";
				SDKROOT = auto;
				SUPPORTED_PLATFORMS = "iphoneos iphonesimulator macosx";
				SWIFT_EMIT_LOC_STRINGS = YES;
				SWIFT_VERSION = 5.0;
				TARGETED_DEVICE_FAMILY = "1,2";
			};
			name = Debug;
		};
		A482CE9F29B2E01F006674B7 /* Release */ = {
			isa = XCBuildConfiguration;
			buildSettings = {
				ASSETCATALOG_COMPILER_APPICON_NAME = AppIcon;
				ASSETCATALOG_COMPILER_GLOBAL_ACCENT_COLOR_NAME = AccentColor;
				CODE_SIGN_ENTITLEMENTS = "breaking bad test2/breaking_bad_test2.entitlements";
				CODE_SIGN_STYLE = Automatic;
				CURRENT_PROJECT_VERSION = 1;
				DEVELOPMENT_ASSET_PATHS = "\"breaking bad test2/Preview Content\"";
				ENABLE_PREVIEWS = YES;
				GENERATE_INFOPLIST_FILE = YES;
				"INFOPLIST_KEY_UIApplicationSceneManifest_Generation[sdk=iphoneos*]" = YES;
				"INFOPLIST_KEY_UIApplicationSceneManifest_Generation[sdk=iphonesimulator*]" = YES;
				"INFOPLIST_KEY_UIApplicationSupportsIndirectInputEvents[sdk=iphoneos*]" = YES;
				"INFOPLIST_KEY_UIApplicationSupportsIndirectInputEvents[sdk=iphonesimulator*]" = YES;
				"INFOPLIST_KEY_UILaunchScreen_Generation[sdk=iphoneos*]" = YES;
				"INFOPLIST_KEY_UILaunchScreen_Generation[sdk=iphonesimulator*]" = YES;
				"INFOPLIST_KEY_UIStatusBarStyle[sdk=iphoneos*]" = UIStatusBarStyleDefault;
				"INFOPLIST_KEY_UIStatusBarStyle[sdk=iphonesimulator*]" = UIStatusBarStyleDefault;
				INFOPLIST_KEY_UISupportedInterfaceOrientations_iPad = "UIInterfaceOrientationPortrait UIInterfaceOrientationPortraitUpsideDown UIInterfaceOrientationLandscapeLeft UIInterfaceOrientationLandscapeRight";
				INFOPLIST_KEY_UISupportedInterfaceOrientations_iPhone = "UIInterfaceOrientationPortrait UIInterfaceOrientationLandscapeLeft UIInterfaceOrientationLandscapeRight";
				IPHONEOS_DEPLOYMENT_TARGET = 16.2;
				LD_RUNPATH_SEARCH_PATHS = "@executable_path/Frameworks";
				"LD_RUNPATH_SEARCH_PATHS[sdk=macosx*]" = "@executable_path/../Frameworks";
				MACOSX_DEPLOYMENT_TARGET = 13.1;
				MARKETING_VERSION = 1.0;
				PRODUCT_BUNDLE_IDENTIFIER = "test.breaking-bad-test2";
				PRODUCT_NAME = "$(TARGET_NAME)";
				SDKROOT = auto;
				SUPPORTED_PLATFORMS = "iphoneos iphonesimulator macosx";
				SWIFT_EMIT_LOC_STRINGS = YES;
				SWIFT_VERSION = 5.0;
				TARGETED_DEVICE_FAMILY = "1,2";
			};
			name = Release;
		};
		A482CEA129B2E01F006674B7 /* Debug */ = {
			isa = XCBuildConfiguration;
			buildSettings = {
				ALWAYS_EMBED_SWIFT_STANDARD_LIBRARIES = YES;
				BUNDLE_LOADER = "$(TEST_HOST)";
				CODE_SIGN_STYLE = Automatic;
				CURRENT_PROJECT_VERSION = 1;
				GENERATE_INFOPLIST_FILE = YES;
				IPHONEOS_DEPLOYMENT_TARGET = 16.2;
				MACOSX_DEPLOYMENT_TARGET = 13.1;
				MARKETING_VERSION = 1.0;
				PRODUCT_BUNDLE_IDENTIFIER = "test.breaking-bad-test2Tests";
				PRODUCT_NAME = "$(TARGET_NAME)";
				SDKROOT = auto;
				SUPPORTED_PLATFORMS = "iphoneos iphonesimulator macosx";
				SWIFT_EMIT_LOC_STRINGS = NO;
				SWIFT_VERSION = 5.0;
				TARGETED_DEVICE_FAMILY = "1,2";
				TEST_HOST = "$(BUILT_PRODUCTS_DIR)/breaking bad test2.app/$(BUNDLE_EXECUTABLE_FOLDER_PATH)/breaking bad test2";
			};
			name = Debug;
		};
		A482CEA229B2E01F006674B7 /* Release */ = {
			isa = XCBuildConfiguration;
			buildSettings = {
				ALWAYS_EMBED_SWIFT_STANDARD_LIBRARIES = YES;
				BUNDLE_LOADER = "$(TEST_HOST)";
				CODE_SIGN_STYLE = Automatic;
				CURRENT_PROJECT_VERSION = 1;
				GENERATE_INFOPLIST_FILE = YES;
				IPHONEOS_DEPLOYMENT_TARGET = 16.2;
				MACOSX_DEPLOYMENT_TARGET = 13.1;
				MARKETING_VERSION = 1.0;
				PRODUCT_BUNDLE_IDENTIFIER = "test.breaking-bad-test2Tests";
				PRODUCT_NAME = "$(TARGET_NAME)";
				SDKROOT = auto;
				SUPPORTED_PLATFORMS = "iphoneos iphonesimulator macosx";
				SWIFT_EMIT_LOC_STRINGS = NO;
				SWIFT_VERSION = 5.0;
				TARGETED_DEVICE_FAMILY = "1,2";
				TEST_HOST = "$(BUILT_PRODUCTS_DIR)/breaking bad test2.app/$(BUNDLE_EXECUTABLE_FOLDER_PATH)/breaking bad test2";
			};
			name = Release;
		};
		A482CEA429B2E01F006674B7 /* Debug */ = {
			isa = XCBuildConfiguration;
			buildSettings = {
				ALWAYS_EMBED_SWIFT_STANDARD_LIBRARIES = YES;
				CODE_SIGN_STYLE = Automatic;
				CURRENT_PROJECT_VERSION = 1;
				GENERATE_INFOPLIST_FILE = YES;
				IPHONEOS_DEPLOYMENT_TARGET = 16.2;
				MACOSX_DEPLOYMENT_TARGET = 13.1;
				MARKETING_VERSION = 1.0;
				PRODUCT_BUNDLE_IDENTIFIER = "test.breaking-bad-test2UITests";
				PRODUCT_NAME = "$(TARGET_NAME)";
				SDKROOT = auto;
				SUPPORTED_PLATFORMS = "iphoneos iphonesimulator macosx";
				SWIFT_EMIT_LOC_STRINGS = NO;
				SWIFT_VERSION = 5.0;
				TARGETED_DEVICE_FAMILY = "1,2";
				TEST_TARGET_NAME = "breaking bad test2";
			};
			name = Debug;
		};
		A482CEA529B2E01F006674B7 /* Release */ = {
			isa = XCBuildConfiguration;
			buildSettings = {
				ALWAYS_EMBED_SWIFT_STANDARD_LIBRARIES = YES;
				CODE_SIGN_STYLE = Automatic;
				CURRENT_PROJECT_VERSION = 1;
				GENERATE_INFOPLIST_FILE = YES;
				IPHONEOS_DEPLOYMENT_TARGET = 16.2;
				MACOSX_DEPLOYMENT_TARGET = 13.1;
				MARKETING_VERSION = 1.0;
				PRODUCT_BUNDLE_IDENTIFIER = "test.breaking-bad-test2UITests";
				PRODUCT_NAME = "$(TARGET_NAME)";
				SDKROOT = auto;
				SUPPORTED_PLATFORMS = "iphoneos iphonesimulator macosx";
				SWIFT_EMIT_LOC_STRINGS = NO;
				SWIFT_VERSION = 5.0;
				TARGETED_DEVICE_FAMILY = "1,2";
				TEST_TARGET_NAME = "breaking bad test2";
			};
			name = Release;
		};
/* End XCBuildConfiguration section */

/* Begin XCConfigurationList section */
		A482CE7329B2E01D006674B7 /* Build configuration list for PBXProject "breaking bad test2" */ = {
			isa = XCConfigurationList;
			buildConfigurations = (
				A482CE9B29B2E01F006674B7 /* Debug */,
				A482CE9C29B2E01F006674B7 /* Release */,
			);
			defaultConfigurationIsVisible = 0;
			defaultConfigurationName = Release;
		};
		A482CE9D29B2E01F006674B7 /* Build configuration list for PBXNativeTarget "breaking bad test2" */ = {
			isa = XCConfigurationList;
			buildConfigurations = (
				A482CE9E29B2E01F006674B7 /* Debug */,
				A482CE9F29B2E01F006674B7 /* Release */,
			);
			defaultConfigurationIsVisible = 0;
			defaultConfigurationName = Release;
		};
		A482CEA029B2E01F006674B7 /* Build configuration list for PBXNativeTarget "breaking bad test2Tests" */ = {
			isa = XCConfigurationList;
			buildConfigurations = (
				A482CEA129B2E01F006674B7 /* Debug */,
				A482CEA229B2E01F006674B7 /* Release */,
			);
			defaultConfigurationIsVisible = 0;
			defaultConfigurationName = Release;
		};
		A482CEA329B2E01F006674B7 /* Build configuration list for PBXNativeTarget "breaking bad test2UITests" */ = {
			isa = XCConfigurationList;
			buildConfigurations = (
				A482CEA429B2E01F006674B7 /* Debug */,
				A482CEA529B2E01F006674B7 /* Release */,
			);
			defaultConfigurationIsVisible = 0;
			defaultConfigurationName = Release;
		};
/* End XCConfigurationList section */
	};
	rootObject = A482CE7029B2E01D006674B7 /* Project object */;
}
